# Generated by pub
# See https://dart.dev/tools/pub/glossary#lockfile
packages:
  very_good_analysis:
    dependency: "direct dev"
    description:
      name: very_good_analysis
      sha256: "396bf7de205dd5b03eb164d04692de3e8335c11a7ddb2f63153de8dfcee921d9"
      url: "https://pub.dev"
    source: hosted
    version: "3.0.1"
sdks:
  dart: ">=2.18.0 <4.0.0"
